schema: '2.0'
stages:
  load_data:
    cmd: python scripts/load_data.py data/02_processed/olist_sales_with_payments.csv
      data/02_processed/olist_sum_sales_with_payments.csv
    deps:
    - path: conf/catalog.yml
      md5: 85083ac7791e081f349fae67766846cb
      size: 1425
    - path: conf/params.yml
      md5: 9da8dc138619f4ced06d256f508df1a1
      size: 1344
    - path: data/01_raw/olist_customers_dataset.csv
      md5: 6bbd5a63d741fc205b7a21717dff3d4c
      size: 8661702
    - path: data/01_raw/olist_geolocation_dataset_latlon.csv
      md5: bfe667890a5f90cf11824bd8fbbf862f
      size: 44410357
    - path: data/01_raw/olist_geolocation_dataset_state.csv
      md5: 75c141e9918b6e0209a0a89481a7552e
      size: 20306167
    - path: data/01_raw/olist_order_items_dataset.csv
      md5: f4fa76976662e9cba0633f9e49ed2645
      size: 15438671
    - path: data/01_raw/olist_order_payments_dataset.csv
      md5: 75ce0c041d18e5f250c5cea9a8042944
      size: 5777138
    - path: data/01_raw/olist_orders_dataset.csv
      md5: 8bd60e55c1ca229d9f70b62f3e72f22c
      size: 17654914
    - path: data/01_raw/olist_product_category_name_translation.csv
      md5: ad04db99f17c99cdf07ef259ca5ae6ff
      size: 2542
    - path: data/01_raw/olist_products_dataset.csv
      md5: e935401104a3669223b83c9a01fdf5ca
      size: 2379446
    - path: data/01_raw/olist_sellers_dataset.csv
      md5: 5b22c02facdf842d6c0aea36e1849018
      size: 174703
    - path: scripts/load_data.py
      md5: 4d21e0852d8f02d178c52931227141fe
      size: 3885
    outs:
    - path: data/02_processed/olist_sales_with_payments.csv
      md5: 2fcace893a1af9c439f977f37b68cda3
      size: 210322
    - path: data/02_processed/olist_sum_sales_with_payments.csv
      md5: 9038ddb0fdce7d1f6bcb0d1e1ae48a36
      size: 240855
  processing:
    cmd: python3 scripts/processing.py python3 scripts/split.py
    deps:
    - path: conf/catalog.yml
      md5: 85083ac7791e081f349fae67766846cb
      size: 1425
    - path: conf/params.yml
      md5: 9da8dc138619f4ced06d256f508df1a1
      size: 1344
    - path: data/02_processed/olist_sales_with_payments.csv
      md5: 2fcace893a1af9c439f977f37b68cda3
      size: 210322
    - path: data/02_processed/olist_sum_sales_with_payments.csv
      md5: 9038ddb0fdce7d1f6bcb0d1e1ae48a36
      size: 240855
    - path: src/utils.py
      md5: a0f8ad8e38e3d034655c8b07e36a344b
      size: 7397
  train:
    cmd: python3 scripts/train_sarima.py
    deps:
    - path: conf/catalog.yml
      md5: 85083ac7791e081f349fae67766846cb
      size: 1425
    - path: conf/params.yml
      md5: 9da8dc138619f4ced06d256f508df1a1
      size: 1344
    - path: data/02_processed/olist_sales_with_payments.csv
      md5: 2fcace893a1af9c439f977f37b68cda3
      size: 210322
    - path: data/02_processed/olist_sum_sales_with_payments.csv
      md5: 9038ddb0fdce7d1f6bcb0d1e1ae48a36
      size: 240855
    - path: src/metrics.py
      md5: c41181223b7ca4a217048c08f6bf76d9
      size: 2709
    - path: src/sarima.py
      md5: e4cf6a806e3d85f485bddae4701861eb
      size: 5575
    - path: src/utils.py
      md5: a0f8ad8e38e3d034655c8b07e36a344b
      size: 7397
    outs:
    - path: data/04_results/olist/exp1_sarima_bed_bath_table.csv
      md5: fab65751b903add135760f72e165fa8c
      size: 1702
    - path: data/04_results/olist/exp1_sarima_furniture_decor.csv
      md5: eeca09e295aabdb96c0bc953ef335e97
      size: 1699
    - path: data/04_results/olist/exp1_sarima_health_beauty.csv
      md5: e5d966e6c9fedfd843c0fc32424f5952
      size: 1702
    - path: data/04_results/olist/exp1_sarima_housewares.csv
      md5: c88fa520f525479195f1106b8ebe4b0e
      size: 1681
    - path: data/04_results/olist/exp1_sarima_sports_leisure.csv
      md5: 0515c328ec47398bab4112f981dd2963
      size: 1698
    - path: data/04_results/olist/exp1_sarima_telephony.csv
      md5: 9b4081e16e372127a1fc63bda3849b8d
      size: 1640
    - path: data/04_results/olist/exp1_sarima_watches_gifts.csv
      md5: 44f073e545335d1b5275ac04ffb6b125
      size: 1676
  evaluate:
    cmd: python3 scripts/evaluation_sarima.py
    deps:
    - path: data/04_results/olist/exp1_sarima_bed_bath_table.csv
      md5: fab65751b903add135760f72e165fa8c
      size: 1702
    - path: data/04_results/olist/exp1_sarima_health_beauty.csv
      md5: e5d966e6c9fedfd843c0fc32424f5952
      size: 1702
    - path: data/04_results/olist/exp1_sarima_housewares.csv
      md5: c88fa520f525479195f1106b8ebe4b0e
      size: 1681
    - path: data/04_results/olist/exp1_sarima_housewares.csv
      md5: c88fa520f525479195f1106b8ebe4b0e
      size: 1681
    - path: data/04_results/olist/exp1_sarima_sports_leisure.csv
      md5: 0515c328ec47398bab4112f981dd2963
      size: 1698
    - path: data/04_results/olist/exp1_sarima_telephony.csv
      md5: 9b4081e16e372127a1fc63bda3849b8d
      size: 1640
    - path: data/04_results/olist/exp1_sarima_watches_gifts.csv
      md5: 44f073e545335d1b5275ac04ffb6b125
      size: 1676
    outs:
    - path: data/04_results/metrics/metricsof_sarima.csv
      md5: 1ed10100b69be4c032351c8060d4a9c7
      size: 3050
    - path: jsonmetrics.json
      md5: 78a9b4595fdf5a74eb059966a2b50a5c
      size: 60
